// !$*UTF8*$!
{
	archiveVersion = 1;
	classes = {
	};
	objectVersion = 46;
	objects = {

/* Begin PBXBuildFile section */
		F85E04A619D9421600428DA4 /* main.m in Sources */ = {isa = PBXBuildFile; fileRef = F85E04A519D9421600428DA4 /* main.m */; };
		F85E04A919D9421600428DA4 /* AppDelegate.m in Sources */ = {isa = PBXBuildFile; fileRef = F85E04A819D9421600428DA4 /* AppDelegate.m */; };
		F85E04AC19D9421600428DA4 /* ViewController.m in Sources */ = {isa = PBXBuildFile; fileRef = F85E04AB19D9421600428DA4 /* ViewController.m */; };
		F85E04AF19D9421600428DA4 /* Main.storyboard in Resources */ = {isa = PBXBuildFile; fileRef = F85E04AD19D9421600428DA4 /* Main.storyboard */; };
		F85E04B119D9421600428DA4 /* Images.xcassets in Resources */ = {isa = PBXBuildFile; fileRef = F85E04B019D9421600428DA4 /* Images.xcassets */; };
		F85E04B419D9421600428DA4 /* LaunchScreen.xib in Resources */ = {isa = PBXBuildFile; fileRef = F85E04B219D9421600428DA4 /* LaunchScreen.xib */; };
		F85E04D519D9458C00428DA4 /* IMFilesManager.h in CopyFiles */ = {isa = PBXBuildFile; fileRef = F85E04D419D9458C00428DA4 /* IMFilesManager.h */; };
		F85E04D719D9458C00428DA4 /* IMFilesManager.m in Sources */ = {isa = PBXBuildFile; fileRef = F85E04D619D9458C00428DA4 /* IMFilesManager.m */; };
		F85E04F219D9489800428DA4 /* IMNode.m in Sources */ = {isa = PBXBuildFile; fileRef = F85E04F119D9489800428DA4 /* IMNode.m */; };
		F85E04F519D948CD00428DA4 /* IMFile.m in Sources */ = {isa = PBXBuildFile; fileRef = F85E04F419D948CD00428DA4 /* IMFile.m */; };
		F85E04F819D948E100428DA4 /* IMDirectory.m in Sources */ = {isa = PBXBuildFile; fileRef = F85E04F719D948E100428DA4 /* IMDirectory.m */; };
/* End PBXBuildFile section */

/* Begin PBXCopyFilesBuildPhase section */
		F85E04D019D9458C00428DA4 /* CopyFiles */ = {
			isa = PBXCopyFilesBuildPhase;
			buildActionMask = 2147483647;
			dstPath = "include/$(PRODUCT_NAME)";
			dstSubfolderSpec = 16;
			files = (
				F85E04D519D9458C00428DA4 /* IMFilesManager.h in CopyFiles */,
			);
			runOnlyForDeploymentPostprocessing = 0;
		};
/* End PBXCopyFilesBuildPhase section */

/* Begin PBXFileReference section */
		F85E04A019D9421600428DA4 /* IMFilesManager.app */ = {isa = PBXFileReference; explicitFileType = wrapper.application; includeInIndex = 0; path = IMFilesManager.app; sourceTree = BUILT_PRODUCTS_DIR; };
		F85E04A419D9421600428DA4 /* Info.plist */ = {isa = PBXFileReference; lastKnownFileType = text.plist.xml; path = Info.plist; sourceTree = "<group>"; };
		F85E04A519D9421600428DA4 /* main.m */ = {isa = PBXFileReference; lastKnownFileType = sourcecode.c.objc; path = main.m; sourceTree = "<group>"; };
		F85E04A719D9421600428DA4 /* AppDelegate.h */ = {isa = PBXFileReference; lastKnownFileType = sourcecode.c.h; path = AppDelegate.h; sourceTree = "<group>"; };
		F85E04A819D9421600428DA4 /* AppDelegate.m */ = {isa = PBXFileReference; lastKnownFileType = sourcecode.c.objc; path = AppDelegate.m; sourceTree = "<group>"; };
		F85E04AA19D9421600428DA4 /* ViewController.h */ = {isa = PBXFileReference; lastKnownFileType = sourcecode.c.h; path = ViewController.h; sourceTree = "<group>"; };
		F85E04AB19D9421600428DA4 /* ViewController.m */ = {isa = PBXFileReference; lastKnownFileType = sourcecode.c.objc; path = ViewController.m; sourceTree = "<group>"; };
		F85E04AE19D9421600428DA4 /* Base */ = {isa = PBXFileReference; lastKnownFileType = file.storyboard; name = Base; path = Base.lproj/Main.storyboard; sourceTree = "<group>"; };
		F85E04B019D9421600428DA4 /* Images.xcassets */ = {isa = PBXFileReference; lastKnownFileType = folder.assetcatalog; path = Images.xcassets; sourceTree = "<group>"; };
		F85E04B319D9421600428DA4 /* Base */ = {isa = PBXFileReference; lastKnownFileType = file.xib; name = Base; path = Base.lproj/LaunchScreen.xib; sourceTree = "<group>"; };
		F85E04BE19D9421600428DA4 /* Info.plist */ = {isa = PBXFileReference; lastKnownFileType = text.plist.xml; path = Info.plist; sourceTree = "<group>"; };
		F85E04BF19D9421600428DA4 /* IMFilesManagerTests.m */ = {isa = PBXFileReference; lastKnownFileType = sourcecode.c.objc; path = IMFilesManagerTests.m; sourceTree = "<group>"; };
		F85E04D219D9458C00428DA4 /* libIMFilesManager.a */ = {isa = PBXFileReference; explicitFileType = archive.ar; includeInIndex = 0; path = libIMFilesManager.a; sourceTree = BUILT_PRODUCTS_DIR; };
		F85E04D419D9458C00428DA4 /* IMFilesManager.h */ = {isa = PBXFileReference; lastKnownFileType = sourcecode.c.h; path = IMFilesManager.h; sourceTree = "<group>"; };
		F85E04D619D9458C00428DA4 /* IMFilesManager.m */ = {isa = PBXFileReference; lastKnownFileType = sourcecode.c.objc; path = IMFilesManager.m; sourceTree = "<group>"; };
		F85E04ED19D9464D00428DA4 /* IMNodeProtocol.h */ = {isa = PBXFileReference; fileEncoding = 4; lastKnownFileType = sourcecode.c.h; path = IMNodeProtocol.h; sourceTree = "<group>"; };
		F85E04EE19D9465D00428DA4 /* IMDirectoryNodeProtocol.h */ = {isa = PBXFileReference; fileEncoding = 4; lastKnownFileType = sourcecode.c.h; path = IMDirectoryNodeProtocol.h; sourceTree = "<group>"; };
		F85E04EF19D9466600428DA4 /* IMFileNodeProtocol.h */ = {isa = PBXFileReference; fileEncoding = 4; lastKnownFileType = sourcecode.c.h; path = IMFileNodeProtocol.h; sourceTree = "<group>"; };
		F85E04F019D9489800428DA4 /* IMNode.h */ = {isa = PBXFileReference; fileEncoding = 4; lastKnownFileType = sourcecode.c.h; path = IMNode.h; sourceTree = "<group>"; };
		F85E04F119D9489800428DA4 /* IMNode.m */ = {isa = PBXFileReference; fileEncoding = 4; lastKnownFileType = sourcecode.c.objc; path = IMNode.m; sourceTree = "<group>"; };
		F85E04F319D948CD00428DA4 /* IMFile.h */ = {isa = PBXFileReference; fileEncoding = 4; lastKnownFileType = sourcecode.c.h; path = IMFile.h; sourceTree = "<group>"; };
		F85E04F419D948CD00428DA4 /* IMFile.m */ = {isa = PBXFileReference; fileEncoding = 4; lastKnownFileType = sourcecode.c.objc; path = IMFile.m; sourceTree = "<group>"; };
		F85E04F619D948E100428DA4 /* IMDirectory.h */ = {isa = PBXFileReference; fileEncoding = 4; lastKnownFileType = sourcecode.c.h; path = IMDirectory.h; sourceTree = "<group>"; };
		F85E04F719D948E100428DA4 /* IMDirectory.m */ = {isa = PBXFileReference; fileEncoding = 4; lastKnownFileType = sourcecode.c.objc; path = IMDirectory.m; sourceTree = "<group>"; };
		F85E04F919D94A0B00428DA4 /* IMNodeRenameProtocol.h */ = {isa = PBXFileReference; fileEncoding = 4; lastKnownFileType = sourcecode.c.h; path = IMNodeRenameProtocol.h; sourceTree = "<group>"; };
		F85E04FA19D94A1900428DA4 /* IMNodeDeleteProtocol.h */ = {isa = PBXFileReference; fileEncoding = 4; lastKnownFileType = sourcecode.c.h; path = IMNodeDeleteProtocol.h; sourceTree = "<group>"; };
		F85E04FB19D94A2A00428DA4 /* IMNodeMoveProtocol.h */ = {isa = PBXFileReference; fileEncoding = 4; lastKnownFileType = sourcecode.c.h; path = IMNodeMoveProtocol.h; sourceTree = "<group>"; };
		F85E04FC19D94A4600428DA4 /* IMNodeCopyProtocol.h */ = {isa = PBXFileReference; fileEncoding = 4; lastKnownFileType = sourcecode.c.h; path = IMNodeCopyProtocol.h; sourceTree = "<group>"; };
/* End PBXFileReference section */

/* Begin PBXFrameworksBuildPhase section */
		F85E049D19D9421600428DA4 /* Frameworks */ = {
			isa = PBXFrameworksBuildPhase;
			buildActionMask = 2147483647;
			files = (
			);
			runOnlyForDeploymentPostprocessing = 0;
		};
		F85E04CF19D9458C00428DA4 /* Frameworks */ = {
			isa = PBXFrameworksBuildPhase;
			buildActionMask = 2147483647;
			files = (
			);
			runOnlyForDeploymentPostprocessing = 0;
		};
/* End PBXFrameworksBuildPhase section */

/* Begin PBXGroup section */
		F85E049719D9421600428DA4 = {
			isa = PBXGroup;
			children = (
				F85E04E619D945C500428DA4 /* src */,
				F85E04A219D9421600428DA4 /* IMFilesManager */,
				F85E04BC19D9421600428DA4 /* IMFilesManagerTests */,
				F85E04D319D9458C00428DA4 /* IMFilesManager */,
				F85E04A119D9421600428DA4 /* Products */,
			);
			sourceTree = "<group>";
		};
		F85E04A119D9421600428DA4 /* Products */ = {
			isa = PBXGroup;
			children = (
				F85E04A019D9421600428DA4 /* IMFilesManager.app */,
				F85E04D219D9458C00428DA4 /* libIMFilesManager.a */,
			);
			name = Products;
			sourceTree = "<group>";
		};
		F85E04A219D9421600428DA4 /* IMFilesManager */ = {
			isa = PBXGroup;
			children = (
				F85E04A719D9421600428DA4 /* AppDelegate.h */,
				F85E04A819D9421600428DA4 /* AppDelegate.m */,
				F85E04AA19D9421600428DA4 /* ViewController.h */,
				F85E04AB19D9421600428DA4 /* ViewController.m */,
				F85E04AD19D9421600428DA4 /* Main.storyboard */,
				F85E04B019D9421600428DA4 /* Images.xcassets */,
				F85E04B219D9421600428DA4 /* LaunchScreen.xib */,
				F85E04A319D9421600428DA4 /* Supporting Files */,
			);
			path = IMFilesManager;
			sourceTree = "<group>";
		};
		F85E04A319D9421600428DA4 /* Supporting Files */ = {
			isa = PBXGroup;
			children = (
				F85E04A419D9421600428DA4 /* Info.plist */,
				F85E04A519D9421600428DA4 /* main.m */,
			);
			name = "Supporting Files";
			sourceTree = "<group>";
		};
		F85E04BC19D9421600428DA4 /* IMFilesManagerTests */ = {
			isa = PBXGroup;
			children = (
				F85E04BF19D9421600428DA4 /* IMFilesManagerTests.m */,
				F85E04BD19D9421600428DA4 /* Supporting Files */,
			);
			path = IMFilesManagerTests;
			sourceTree = "<group>";
		};
		F85E04BD19D9421600428DA4 /* Supporting Files */ = {
			isa = PBXGroup;
			children = (
				F85E04BE19D9421600428DA4 /* Info.plist */,
			);
			name = "Supporting Files";
			sourceTree = "<group>";
		};
		F85E04D319D9458C00428DA4 /* IMFilesManager */ = {
			isa = PBXGroup;
			children = (
				F85E04D419D9458C00428DA4 /* IMFilesManager.h */,
				F85E04D619D9458C00428DA4 /* IMFilesManager.m */,
			);
			path = IMFilesManager;
			sourceTree = "<group>";
		};
		F85E04E619D945C500428DA4 /* src */ = {
			isa = PBXGroup;
			children = (
				F85E04E719D945C500428DA4 /* Common */,
				F85E04E819D945C500428DA4 /* Model */,
				F85E04E919D945C500428DA4 /* View */,
				F85E04EA19D945C500428DA4 /* ViewController */,
			);
			path = src;
			sourceTree = "<group>";
		};
		F85E04E719D945C500428DA4 /* Common */ = {
			isa = PBXGroup;
			children = (
				F85E04ED19D9464D00428DA4 /* IMNodeProtocol.h */,
				F85E04EE19D9465D00428DA4 /* IMDirectoryNodeProtocol.h */,
				F85E04EF19D9466600428DA4 /* IMFileNodeProtocol.h */,
				F85E04F919D94A0B00428DA4 /* IMNodeRenameProtocol.h */,
				F85E04FA19D94A1900428DA4 /* IMNodeDeleteProtocol.h */,
				F85E04FB19D94A2A00428DA4 /* IMNodeMoveProtocol.h */,
				F85E04FC19D94A4600428DA4 /* IMNodeCopyProtocol.h */,
			);
			path = Common;
			sourceTree = "<group>";
		};
		F85E04E819D945C500428DA4 /* Model */ = {
			isa = PBXGroup;
			children = (
				F85E04F019D9489800428DA4 /* IMNode.h */,
				F85E04F119D9489800428DA4 /* IMNode.m */,
				F85E04F319D948CD00428DA4 /* IMFile.h */,
				F85E04F419D948CD00428DA4 /* IMFile.m */,
				F85E04F619D948E100428DA4 /* IMDirectory.h */,
				F85E04F719D948E100428DA4 /* IMDirectory.m */,
			);
			path = Model;
			sourceTree = "<group>";
		};
		F85E04E919D945C500428DA4 /* View */ = {
			isa = PBXGroup;
			children = (
			);
			path = View;
			sourceTree = "<group>";
		};
		F85E04EA19D945C500428DA4 /* ViewController */ = {
			isa = PBXGroup;
			children = (
			);
			path = ViewController;
			sourceTree = "<group>";
		};
/* End PBXGroup section */

/* Begin PBXNativeTarget section */
		F85E049F19D9421600428DA4 /* IMFilesManagerDemo */ = {
			isa = PBXNativeTarget;
			buildConfigurationList = F85E04C319D9421600428DA4 /* Build configuration list for PBXNativeTarget "IMFilesManagerDemo" */;
			buildPhases = (
				F85E049C19D9421600428DA4 /* Sources */,
				F85E049D19D9421600428DA4 /* Frameworks */,
				F85E049E19D9421600428DA4 /* Resources */,
			);
			buildRules = (
			);
			dependencies = (
			);
			name = IMFilesManagerDemo;
			productName = IMFilesManager;
			productReference = F85E04A019D9421600428DA4 /* IMFilesManager.app */;
			productType = "com.apple.product-type.application";
		};
		F85E04D119D9458C00428DA4 /* IMFilesManager */ = {
			isa = PBXNativeTarget;
			buildConfigurationList = F85E04E019D9458C00428DA4 /* Build configuration list for PBXNativeTarget "IMFilesManager" */;
			buildPhases = (
				F85E04CE19D9458C00428DA4 /* Sources */,
				F85E04CF19D9458C00428DA4 /* Frameworks */,
				F85E04D019D9458C00428DA4 /* CopyFiles */,
			);
			buildRules = (
			);
			dependencies = (
			);
			name = IMFilesManager;
			productName = IMFilesManager;
			productReference = F85E04D219D9458C00428DA4 /* libIMFilesManager.a */;
			productType = "com.apple.product-type.library.static";
		};
/* End PBXNativeTarget section */

/* Begin PBXProject section */
		F85E049819D9421600428DA4 /* Project object */ = {
			isa = PBXProject;
			attributes = {
				LastUpgradeCheck = 0600;
				ORGANIZATIONNAME = "i-Move";
				TargetAttributes = {
					F85E049F19D9421600428DA4 = {
						CreatedOnToolsVersion = 6.0.1;
					};
					F85E04D119D9458C00428DA4 = {
						CreatedOnToolsVersion = 6.0.1;
					};
				};
			};
			buildConfigurationList = F85E049B19D9421600428DA4 /* Build configuration list for PBXProject "IMFilesManager" */;
			compatibilityVersion = "Xcode 3.2";
			developmentRegion = English;
			hasScannedForEncodings = 0;
			knownRegions = (
				en,
				Base,
			);
			mainGroup = F85E049719D9421600428DA4;
			productRefGroup = F85E04A119D9421600428DA4 /* Products */;
			projectDirPath = "";
			projectRoot = "";
			targets = (
				F85E049F19D9421600428DA4 /* IMFilesManagerDemo */,
				F85E04D119D9458C00428DA4 /* IMFilesManager */,
			);
		};
/* End PBXProject section */

/* Begin PBXResourcesBuildPhase section */
		F85E049E19D9421600428DA4 /* Resources */ = {
			isa = PBXResourcesBuildPhase;
			buildActionMask = 2147483647;
			files = (
				F85E04AF19D9421600428DA4 /* Main.storyboard in Resources */,
				F85E04B419D9421600428DA4 /* LaunchScreen.xib in Resources */,
				F85E04B119D9421600428DA4 /* Images.xcassets in Resources */,
			);
			runOnlyForDeploymentPostprocessing = 0;
		};
/* End PBXResourcesBuildPhase section */

/* Begin PBXSourcesBuildPhase section */
		F85E049C19D9421600428DA4 /* Sources */ = {
			isa = PBXSourcesBuildPhase;
			buildActionMask = 2147483647;
			files = (
				F85E04AC19D9421600428DA4 /* ViewController.m in Sources */,
				F85E04A919D9421600428DA4 /* AppDelegate.m in Sources */,
				F85E04A619D9421600428DA4 /* main.m in Sources */,
			);
			runOnlyForDeploymentPostprocessing = 0;
		};
		F85E04CE19D9458C00428DA4 /* Sources */ = {
			isa = PBXSourcesBuildPhase;
			buildActionMask = 2147483647;
			files = (
				F85E04F519D948CD00428DA4 /* IMFile.m in Sources */,
				F85E04D719D9458C00428DA4 /* IMFilesManager.m in Sources */,
				F85E04F219D9489800428DA4 /* IMNode.m in Sources */,
				F85E04F819D948E100428DA4 /* IMDirectory.m in Sources */,
			);
			runOnlyForDeploymentPostprocessing = 0;
		};
/* End PBXSourcesBuildPhase section */

/* Begin PBXVariantGroup section */
		F85E04AD19D9421600428DA4 /* Main.storyboard */ = {
			isa = PBXVariantGroup;
			children = (
				F85E04AE19D9421600428DA4 /* Base */,
			);
			name = Main.storyboard;
			sourceTree = "<group>";
		};
		F85E04B219D9421600428DA4 /* LaunchScreen.xib */ = {
			isa = PBXVariantGroup;
			children = (
				F85E04B319D9421600428DA4 /* Base */,
			);
			name = LaunchScreen.xib;
			sourceTree = "<group>";
		};
/* End PBXVariantGroup section */

/* Begin XCBuildConfiguration section */
		F85E04C119D9421600428DA4 /* Debug */ = {
			isa = XCBuildConfiguration;
			buildSettings = {
				ALWAYS_SEARCH_USER_PATHS = NO;
				CLANG_CXX_LANGUAGE_STANDARD = "gnu++0x";
				CLANG_CXX_LIBRARY = "libc++";
				CLANG_ENABLE_MODULES = YES;
				CLANG_ENABLE_OBJC_ARC = YES;
				CLANG_WARN_BOOL_CONVERSION = YES;
				CLANG_WARN_CONSTANT_CONVERSION = YES;
				CLANG_WARN_DIRECT_OBJC_ISA_USAGE = YES_ERROR;
				CLANG_WARN_EMPTY_BODY = YES;
				CLANG_WARN_ENUM_CONVERSION = YES;
				CLANG_WARN_INT_CONVERSION = YES;
				CLANG_WARN_OBJC_ROOT_CLASS = YES_ERROR;
				CLANG_WARN_UNREACHABLE_CODE = YES;
				CLANG_WARN__DUPLICATE_METHOD_MATCH = YES;
				"CODE_SIGN_IDENTITY[sdk=iphoneos*]" = "iPhone Developer";
				COPY_PHASE_STRIP = NO;
				ENABLE_STRICT_OBJC_MSGSEND = YES;
				GCC_C_LANGUAGE_STANDARD = gnu99;
				GCC_DYNAMIC_NO_PIC = NO;
				GCC_OPTIMIZATION_LEVEL = 0;
				GCC_PREPROCESSOR_DEFINITIONS = (
					"DEBUG=1",
					"$(inherited)",
				);
				GCC_SYMBOLS_PRIVATE_EXTERN = NO;
				GCC_WARN_64_TO_32_BIT_CONVERSION = YES;
				GCC_WARN_ABOUT_RETURN_TYPE = YES_ERROR;
				GCC_WARN_UNDECLARED_SELECTOR = YES;
				GCC_WARN_UNINITIALIZED_AUTOS = YES_AGGRESSIVE;
				GCC_WARN_UNUSED_FUNCTION = YES;
				GCC_WARN_UNUSED_VARIABLE = YES;
				IPHONEOS_DEPLOYMENT_TARGET = 8.0;
				MTL_ENABLE_DEBUG_INFO = YES;
				ONLY_ACTIVE_ARCH = YES;
				SDKROOT = iphoneos;
				TARGETED_DEVICE_FAMILY = "1,2";
			};
			name = Debug;
		};
		F85E04C219D9421600428DA4 /* Release */ = {
			isa = XCBuildConfiguration;
			buildSettings = {
				ALWAYS_SEARCH_USER_PATHS = NO;
				CLANG_CXX_LANGUAGE_STANDARD = "gnu++0x";
				CLANG_CXX_LIBRARY = "libc++";
				CLANG_ENABLE_MODULES = YES;
				CLANG_ENABLE_OBJC_ARC = YES;
				CLANG_WARN_BOOL_CONVERSION = YES;
				CLANG_WARN_CONSTANT_CONVERSION = YES;
				CLANG_WARN_DIRECT_OBJC_ISA_USAGE = YES_ERROR;
				CLANG_WARN_EMPTY_BODY = YES;
				CLANG_WARN_ENUM_CONVERSION = YES;
				CLANG_WARN_INT_CONVERSION = YES;
				CLANG_WARN_OBJC_ROOT_CLASS = YES_ERROR;
				CLANG_WARN_UNREACHABLE_CODE = YES;
				CLANG_WARN__DUPLICATE_METHOD_MATCH = YES;
				"CODE_SIGN_IDENTITY[sdk=iphoneos*]" = "iPhone Developer";
				COPY_PHASE_STRIP = YES;
				ENABLE_NS_ASSERTIONS = NO;
				ENABLE_STRICT_OBJC_MSGSEND = YES;
				GCC_C_LANGUAGE_STANDARD = gnu99;
				GCC_WARN_64_TO_32_BIT_CONVERSION = YES;
				GCC_WARN_ABOUT_RETURN_TYPE = YES_ERROR;
				GCC_WARN_UNDECLARED_SELECTOR = YES;
				GCC_WARN_UNINITIALIZED_AUTOS = YES_AGGRESSIVE;
				GCC_WARN_UNUSED_FUNCTION = YES;
				GCC_WARN_UNUSED_VARIABLE = YES;
				IPHONEOS_DEPLOYMENT_TARGET = 8.0;
				MTL_ENABLE_DEBUG_INFO = NO;
				SDKROOT = iphoneos;
				TARGETED_DEVICE_FAMILY = "1,2";
				VALIDATE_PRODUCT = YES;
			};
			name = Release;
		};
		F85E04C419D9421600428DA4 /* Debug */ = {
			isa = XCBuildConfiguration;
			buildSettings = {
				ASSETCATALOG_COMPILER_APPICON_NAME = AppIcon;
				INFOPLIST_FILE = IMFilesManager/Info.plist;
				LD_RUNPATH_SEARCH_PATHS = "$(inherited) @executable_path/Frameworks";
				PRODUCT_NAME = "$(TARGET_NAME)";
			};
			name = Debug;
		};
		F85E04C519D9421600428DA4 /* Release */ = {
			isa = XCBuildConfiguration;
			buildSettings = {
				ASSETCATALOG_COMPILER_APPICON_NAME = AppIcon;
				INFOPLIST_FILE = IMFilesManager/Info.plist;
				LD_RUNPATH_SEARCH_PATHS = "$(inherited) @executable_path/Frameworks";
				PRODUCT_NAME = "$(TARGET_NAME)";
			};
			name = Release;
		};
		F85E04E119D9458C00428DA4 /* Debug */ = {
			isa = XCBuildConfiguration;
			buildSettings = {
				GCC_PREPROCESSOR_DEFINITIONS = (
					"DEBUG=1",
					"$(inherited)",
				);
				OTHER_LDFLAGS = "-ObjC";
				PRODUCT_NAME = "$(TARGET_NAME)";
				SKIP_INSTALL = YES;
			};
			name = Debug;
		};
		F85E04E219D9458C00428DA4 /* Release */ = {
			isa = XCBuildConfiguration;
			buildSettings = {
				OTHER_LDFLAGS = "-ObjC";
				PRODUCT_NAME = "$(TARGET_NAME)";
				SKIP_INSTALL = YES;
			};
			name = Release;
		};
/* End XCBuildConfiguration section */

/* Begin XCConfigurationList section */
		F85E049B19D9421600428DA4 /* Build configuration list for PBXProject "IMFilesManager" */ = {
			isa = XCConfigurationList;
			buildConfigurations = (
				F85E04C119D9421600428DA4 /* Debug */,
				F85E04C219D9421600428DA4 /* Release */,
			);
			defaultConfigurationIsVisible = 0;
			defaultConfigurationName = Release;
		};
		F85E04C319D9421600428DA4 /* Build configuration list for PBXNativeTarget "IMFilesManagerDemo" */ = {
			isa = XCConfigurationList;
			buildConfigurations = (
				F85E04C419D9421600428DA4 /* Debug */,
				F85E04C519D9421600428DA4 /* Release */,
			);
			defaultConfigurationIsVisible = 0;
		};
		F85E04E019D9458C00428DA4 /* Build configuration list for PBXNativeTarget "IMFilesManager" */ = {
			isa = XCConfigurationList;
			buildConfigurations = (
				F85E04E119D9458C00428DA4 /* Debug */,
				F85E04E219D9458C00428DA4 /* Release */,
			);
			defaultConfigurationIsVisible = 0;
		};
/* End XCConfigurationList section */
	};
	rootObject = F85E049819D9421600428DA4 /* Project object */;
}
